
Microsoft Visual Studio Solution File, Format Version 12.00
# Visual Studio Version 17
VisualStudioVersion = 17.7.34302.85
MinimumVisualStudioVersion = 10.0.40219.1
Project("{8BC9CEB8-8B4A-11D0-8D11-00A0C91BC942}") = "FlashingTest", "FlashingTest\FlashingTest.vcxproj", "{FD126DF0-9362-4D86-8381-01C63AB7B893}"
EndProject
Global
	GlobalSection(SolutionConfigurationPlatforms) = preSolution
		Debug|x64 = Debug|x64
		Debug|x86 = Debug|x86
		Release|x64 = Release|x64
		Release|x86 = Release|x86
	EndGlobalSection
	GlobalSection(ProjectConfigurationPlatforms) = postSolution
		{FD126DF0-9362-4D86-8381-01C63AB7B893}.Debug|x64.ActiveCfg = Debug|x64
		{FD126DF0-9362-4D86-8381-01C63AB7B893}.Debug|x64.Build.0 = Debug|x64
		{FD126DF0-9362-4D86-8381-01C63AB7B893}.Debug|x86.ActiveCfg = Debug|Win32
		{FD126DF0-9362-4D86-8381-01C63AB7B893}.Debug|x86.Build.0 = Debug|Win32
		{FD126DF0-9362-4D86-8381-01C63AB7B893}.Release|x64.ActiveCfg = Release|x64
		{FD126DF0-9362-4D86-8381-01C63AB7B893}.Release|x64.Build.0 = Release|x64
		{FD126DF0-9362-4D86-8381-01C63AB7B893}.Release|x86.ActiveCfg = Release|Win32
		{FD126DF0-9362-4D86-8381-01C63AB7B893}.Release|x86.Build.0 = Release|Win32
	EndGlobalSection
	GlobalSection(SolutionProperties) = preSolution
		HideSolutionNode = FALSE
	EndGlobalSection
	GlobalSection(ExtensibilityGlobals) = postSolution
		SolutionGuid = {D71B745B-8C23-47E6-990F-BF9A05E9070B}
	EndGlobalSection
EndGlobal
